
Microsoft Visual Studio Solution File, Format Version 12.00
# Visual Studio Version 16
VisualStudioVersion = 16.0.29215.179
MinimumVisualStudioVersion = 10.0.40219.1
Project("{FAE04EC0-301F-11D3-BF4B-00C04F79EFBC}") = "C3DIfcAlignmentPlugIn", "C3DIfcAlignmentPlugIn.csproj", "{F1207EF5-7FB8-4A06-8E82-DD3F2E4C224E}"
EndProject
Global
	GlobalSection(SolutionConfigurationPlatforms) = preSolution
		Debug|Any CPU = Debug|Any CPU
		Debug|x64 = Debug|x64
		Release|Any CPU = Release|Any CPU
		Release|x64 = Release|x64
	EndGlobalSection
	GlobalSection(ProjectConfigurationPlatforms) = postSolution
		{F1207EF5-7FB8-4A06-8E82-DD3F2E4C224E}.Debug|Any CPU.ActiveCfg = Debug|Any CPU
		{F1207EF5-7FB8-4A06-8E82-DD3F2E4C224E}.Debug|Any CPU.Build.0 = Debug|Any CPU
		{F1207EF5-7FB8-4A06-8E82-DD3F2E4C224E}.Debug|x64.ActiveCfg = Debug|x64
		{F1207EF5-7FB8-4A06-8E82-DD3F2E4C224E}.Debug|x64.Build.0 = Debug|x64
		{F1207EF5-7FB8-4A06-8E82-DD3F2E4C224E}.Release|Any CPU.ActiveCfg = Release|Any CPU
		{F1207EF5-7FB8-4A06-8E82-DD3F2E4C224E}.Release|Any CPU.Build.0 = Release|Any CPU
		{F1207EF5-7FB8-4A06-8E82-DD3F2E4C224E}.Release|x64.ActiveCfg = Release|x64
		{F1207EF5-7FB8-4A06-8E82-DD3F2E4C224E}.Release|x64.Build.0 = Release|x64
	EndGlobalSection
	GlobalSection(SolutionProperties) = preSolution
		HideSolutionNode = FALSE
	EndGlobalSection
	GlobalSection(ExtensibilityGlobals) = postSolution
		SolutionGuid = {91217C5F-2B4A-4466-BD62-C262C1644F1E}
	EndGlobalSection
EndGlobal
